
Microsoft Visual Studio Solution File, Format Version 10.00
# Visual Studio 2008
Project("{FAE04EC0-301F-11D3-BF4B-00C04F79EFBC}") = "iTunesTools2", "iTunesTools2\iTunesTools2.csproj", "{330D91A9-91C3-4978-8BD4-EA213C0132A5}"
EndProject
Global
	GlobalSection(SolutionConfigurationPlatforms) = preSolution
		Debug|Any CPU = Debug|Any CPU
		Release|Any CPU = Release|Any CPU
	EndGlobalSection
	GlobalSection(ProjectConfigurationPlatforms) = postSolution
		{330D91A9-91C3-4978-8BD4-EA213C0132A5}.Debug|Any CPU.ActiveCfg = Debug|Any CPU
		{330D91A9-91C3-4978-8BD4-EA213C0132A5}.Debug|Any CPU.Build.0 = Debug|Any CPU
		{330D91A9-91C3-4978-8BD4-EA213C0132A5}.Release|Any CPU.ActiveCfg = Release|Any CPU
		{330D91A9-91C3-4978-8BD4-EA213C0132A5}.Release|Any CPU.Build.0 = Release|Any CPU
	EndGlobalSection
	GlobalSection(SolutionProperties) = preSolution
		HideSolutionNode = FALSE
	EndGlobalSection
EndGlobal
